// !$*UTF8*$!
{
	archiveVersion = 1;
	classes = {
	};
	objectVersion = 55;
	objects = {

/* Begin PBXBuildFile section */
		B18C1EA3DBD80102C856BC97 /* Pods_Crypto.framework in Frameworks */ = {isa = PBXBuildFile; fileRef = 25E8AEB7DFC4B7B97907E9E6 /* Pods_Crypto.framework */; };
		BA7AB54E26FB966C003F3C2E /* AppDelegate.swift in Sources */ = {isa = PBXBuildFile; fileRef = BA7AB54D26FB966C003F3C2E /* AppDelegate.swift */; };
		BA7AB55026FB966C003F3C2E /* SceneDelegate.swift in Sources */ = {isa = PBXBuildFile; fileRef = BA7AB54F26FB966C003F3C2E /* SceneDelegate.swift */; };
		BA7AB55226FB966C003F3C2E /* HomeViewController.swift in Sources */ = {isa = PBXBuildFile; fileRef = BA7AB55126FB966C003F3C2E /* HomeViewController.swift */; };
		BA7AB55526FB966C003F3C2E /* Main.storyboard in Resources */ = {isa = PBXBuildFile; fileRef = BA7AB55326FB966C003F3C2E /* Main.storyboard */; };
		BA7AB55726FB966F003F3C2E /* Assets.xcassets in Resources */ = {isa = PBXBuildFile; fileRef = BA7AB55626FB966F003F3C2E /* Assets.xcassets */; };
		BA7AB55A26FB966F003F3C2E /* LaunchScreen.storyboard in Resources */ = {isa = PBXBuildFile; fileRef = BA7AB55826FB966F003F3C2E /* LaunchScreen.storyboard */; };
		BA7AB56926FBA8DC003F3C2E /* CoinRateService.swift in Sources */ = {isa = PBXBuildFile; fileRef = BA7AB56826FBA8DC003F3C2E /* CoinRateService.swift */; };
		BA7AB56B26FBAB73003F3C2E /* Localizable.strings in Resources */ = {isa = PBXBuildFile; fileRef = BA7AB56A26FBAB73003F3C2E /* Localizable.strings */; };
		BA7AB56F26FBB165003F3C2E /* CoinRateData.swift in Sources */ = {isa = PBXBuildFile; fileRef = BA7AB56E26FBB165003F3C2E /* CoinRateData.swift */; };
		BA7AB57126FBB1F5003F3C2E /* CoinRateModel.swift in Sources */ = {isa = PBXBuildFile; fileRef = BA7AB57026FBB1F5003F3C2E /* CoinRateModel.swift */; };
		BA7AB57326FBB79E003F3C2E /* CoinAssetData.swift in Sources */ = {isa = PBXBuildFile; fileRef = BA7AB57226FBB79E003F3C2E /* CoinAssetData.swift */; };
		BA7AB57526FBB7CE003F3C2E /* CoinAssetModel.swift in Sources */ = {isa = PBXBuildFile; fileRef = BA7AB57426FBB7CE003F3C2E /* CoinAssetModel.swift */; };
		BA7AB57726FBB88B003F3C2E /* CoinAssetService.swift in Sources */ = {isa = PBXBuildFile; fileRef = BA7AB57626FBB88B003F3C2E /* CoinAssetService.swift */; };
		BA7AB57D26FBCA2E003F3C2E /* CoinTableViewCell.swift in Sources */ = {isa = PBXBuildFile; fileRef = BA7AB57B26FBCA2E003F3C2E /* CoinTableViewCell.swift */; };
		BA7AB57E26FBCA2E003F3C2E /* CoinTableViewCell.xib in Resources */ = {isa = PBXBuildFile; fileRef = BA7AB57C26FBCA2E003F3C2E /* CoinTableViewCell.xib */; };
		BAFA4BF426FBF402008DBC6B /* FormatterUtils.swift in Sources */ = {isa = PBXBuildFile; fileRef = BAFA4BF326FBF402008DBC6B /* FormatterUtils.swift */; };
/* End PBXBuildFile section */

/* Begin PBXFileReference section */
		1D62FA2390C50A100011E43A /* Pods-Crypto.debug.xcconfig */ = {isa = PBXFileReference; includeInIndex = 1; lastKnownFileType = text.xcconfig; name = "Pods-Crypto.debug.xcconfig"; path = "Target Support Files/Pods-Crypto/Pods-Crypto.debug.xcconfig"; sourceTree = "<group>"; };
		25E8AEB7DFC4B7B97907E9E6 /* Pods_Crypto.framework */ = {isa = PBXFileReference; explicitFileType = wrapper.framework; includeInIndex = 0; path = Pods_Crypto.framework; sourceTree = BUILT_PRODUCTS_DIR; };
		BA7AB54A26FB966C003F3C2E /* Crypto.app */ = {isa = PBXFileReference; explicitFileType = wrapper.application; includeInIndex = 0; path = Crypto.app; sourceTree = BUILT_PRODUCTS_DIR; };
		BA7AB54D26FB966C003F3C2E /* AppDelegate.swift */ = {isa = PBXFileReference; lastKnownFileType = sourcecode.swift; path = AppDelegate.swift; sourceTree = "<group>"; };
		BA7AB54F26FB966C003F3C2E /* SceneDelegate.swift */ = {isa = PBXFileReference; lastKnownFileType = sourcecode.swift; path = SceneDelegate.swift; sourceTree = "<group>"; };
		BA7AB55126FB966C003F3C2E /* HomeViewController.swift */ = {isa = PBXFileReference; lastKnownFileType = sourcecode.swift; path = HomeViewController.swift; sourceTree = "<group>"; };
		BA7AB55426FB966C003F3C2E /* Base */ = {isa = PBXFileReference; lastKnownFileType = file.storyboard; name = Base; path = Base.lproj/Main.storyboard; sourceTree = "<group>"; };
		BA7AB55626FB966F003F3C2E /* Assets.xcassets */ = {isa = PBXFileReference; lastKnownFileType = folder.assetcatalog; path = Assets.xcassets; sourceTree = "<group>"; };
		BA7AB55926FB966F003F3C2E /* Base */ = {isa = PBXFileReference; lastKnownFileType = file.storyboard; name = Base; path = Base.lproj/LaunchScreen.storyboard; sourceTree = "<group>"; };
		BA7AB55B26FB966F003F3C2E /* Info.plist */ = {isa = PBXFileReference; lastKnownFileType = text.plist.xml; path = Info.plist; sourceTree = "<group>"; };
		BA7AB56826FBA8DC003F3C2E /* CoinRateService.swift */ = {isa = PBXFileReference; lastKnownFileType = sourcecode.swift; path = CoinRateService.swift; sourceTree = "<group>"; };
		BA7AB56A26FBAB73003F3C2E /* Localizable.strings */ = {isa = PBXFileReference; lastKnownFileType = text.plist.strings; path = Localizable.strings; sourceTree = "<group>"; };
		BA7AB56E26FBB165003F3C2E /* CoinRateData.swift */ = {isa = PBXFileReference; lastKnownFileType = sourcecode.swift; path = CoinRateData.swift; sourceTree = "<group>"; };
		BA7AB57026FBB1F5003F3C2E /* CoinRateModel.swift */ = {isa = PBXFileReference; lastKnownFileType = sourcecode.swift; path = CoinRateModel.swift; sourceTree = "<group>"; };
		BA7AB57226FBB79E003F3C2E /* CoinAssetData.swift */ = {isa = PBXFileReference; lastKnownFileType = sourcecode.swift; path = CoinAssetData.swift; sourceTree = "<group>"; };
		BA7AB57426FBB7CE003F3C2E /* CoinAssetModel.swift */ = {isa = PBXFileReference; lastKnownFileType = sourcecode.swift; path = CoinAssetModel.swift; sourceTree = "<group>"; };
		BA7AB57626FBB88B003F3C2E /* CoinAssetService.swift */ = {isa = PBXFileReference; lastKnownFileType = sourcecode.swift; path = CoinAssetService.swift; sourceTree = "<group>"; };
		BA7AB57B26FBCA2E003F3C2E /* CoinTableViewCell.swift */ = {isa = PBXFileReference; lastKnownFileType = sourcecode.swift; path = CoinTableViewCell.swift; sourceTree = "<group>"; };
		BA7AB57C26FBCA2E003F3C2E /* CoinTableViewCell.xib */ = {isa = PBXFileReference; lastKnownFileType = file.xib; path = CoinTableViewCell.xib; sourceTree = "<group>"; };
		BAFA4BF326FBF402008DBC6B /* FormatterUtils.swift */ = {isa = PBXFileReference; lastKnownFileType = sourcecode.swift; path = FormatterUtils.swift; sourceTree = "<group>"; };
		FF5072529B22A5848D156FCD /* Pods-Crypto.release.xcconfig */ = {isa = PBXFileReference; includeInIndex = 1; lastKnownFileType = text.xcconfig; name = "Pods-Crypto.release.xcconfig"; path = "Target Support Files/Pods-Crypto/Pods-Crypto.release.xcconfig"; sourceTree = "<group>"; };
/* End PBXFileReference section */

/* Begin PBXFrameworksBuildPhase section */
		BA7AB54726FB966C003F3C2E /* Frameworks */ = {
			isa = PBXFrameworksBuildPhase;
			buildActionMask = 2147483647;
			files = (
				B18C1EA3DBD80102C856BC97 /* Pods_Crypto.framework in Frameworks */,
			);
			runOnlyForDeploymentPostprocessing = 0;
		};
/* End PBXFrameworksBuildPhase section */

/* Begin PBXGroup section */
		069E75609DD153479CDE1A13 /* Pods */ = {
			isa = PBXGroup;
			children = (
				1D62FA2390C50A100011E43A /* Pods-Crypto.debug.xcconfig */,
				FF5072529B22A5848D156FCD /* Pods-Crypto.release.xcconfig */,
			);
			path = Pods;
			sourceTree = "<group>";
		};
		B708233458B356DB38BCBDA4 /* Frameworks */ = {
			isa = PBXGroup;
			children = (
				25E8AEB7DFC4B7B97907E9E6 /* Pods_Crypto.framework */,
			);
			name = Frameworks;
			sourceTree = "<group>";
		};
		BA7AB54126FB966C003F3C2E = {
			isa = PBXGroup;
			children = (
				BA7AB54C26FB966C003F3C2E /* Crypto */,
				BA7AB54B26FB966C003F3C2E /* Products */,
				069E75609DD153479CDE1A13 /* Pods */,
				B708233458B356DB38BCBDA4 /* Frameworks */,
			);
			sourceTree = "<group>";
		};
		BA7AB54B26FB966C003F3C2E /* Products */ = {
			isa = PBXGroup;
			children = (
				BA7AB54A26FB966C003F3C2E /* Crypto.app */,
			);
			name = Products;
			sourceTree = "<group>";
		};
		BA7AB54C26FB966C003F3C2E /* Crypto */ = {
			isa = PBXGroup;
			children = (
				BA7AB56126FB9684003F3C2E /* Supporting Files */,
				BA7AB56526FB97A2003F3C2E /* Services */,
				BAFA4BF526FBF407008DBC6B /* Utils */,
				BA7AB56426FB96B8003F3C2E /* Models */,
				BA7AB56326FB96AC003F3C2E /* Views */,
				BA7AB56226FB969F003F3C2E /* Controllers */,
			);
			path = Crypto;
			sourceTree = "<group>";
		};
		BA7AB56126FB9684003F3C2E /* Supporting Files */ = {
			isa = PBXGroup;
			children = (
				BA7AB54D26FB966C003F3C2E /* AppDelegate.swift */,
				BA7AB54F26FB966C003F3C2E /* SceneDelegate.swift */,
				BA7AB55626FB966F003F3C2E /* Assets.xcassets */,
				BA7AB55B26FB966F003F3C2E /* Info.plist */,
				BA7AB56A26FBAB73003F3C2E /* Localizable.strings */,
			);
			path = "Supporting Files";
			sourceTree = "<group>";
		};
		BA7AB56226FB969F003F3C2E /* Controllers */ = {
			isa = PBXGroup;
			children = (
				BA7AB55126FB966C003F3C2E /* HomeViewController.swift */,
			);
			path = Controllers;
			sourceTree = "<group>";
		};
		BA7AB56326FB96AC003F3C2E /* Views */ = {
			isa = PBXGroup;
			children = (
				BA7AB57826FBC960003F3C2E /* Cells */,
				BA7AB55326FB966C003F3C2E /* Main.storyboard */,
				BA7AB55826FB966F003F3C2E /* LaunchScreen.storyboard */,
			);
			path = Views;
			sourceTree = "<group>";
		};
		BA7AB56426FB96B8003F3C2E /* Models */ = {
			isa = PBXGroup;
			children = (
				BA7AB57426FBB7CE003F3C2E /* CoinAssetModel.swift */,
				BA7AB57026FBB1F5003F3C2E /* CoinRateModel.swift */,
				BA7AB56C26FBB102003F3C2E /* Data */,
			);
			path = Models;
			sourceTree = "<group>";
		};
		BA7AB56526FB97A2003F3C2E /* Services */ = {
			isa = PBXGroup;
			children = (
				BA7AB56826FBA8DC003F3C2E /* CoinRateService.swift */,
				BA7AB57626FBB88B003F3C2E /* CoinAssetService.swift */,
			);
			path = Services;
			sourceTree = "<group>";
		};
		BA7AB56C26FBB102003F3C2E /* Data */ = {
			isa = PBXGroup;
			children = (
				BA7AB57226FBB79E003F3C2E /* CoinAssetData.swift */,
				BA7AB56E26FBB165003F3C2E /* CoinRateData.swift */,
			);
			path = Data;
			sourceTree = "<group>";
		};
		BA7AB57826FBC960003F3C2E /* Cells */ = {
			isa = PBXGroup;
			children = (
				BA7AB57B26FBCA2E003F3C2E /* CoinTableViewCell.swift */,
				BA7AB57C26FBCA2E003F3C2E /* CoinTableViewCell.xib */,
			);
			path = Cells;
			sourceTree = "<group>";
		};
		BAFA4BF526FBF407008DBC6B /* Utils */ = {
			isa = PBXGroup;
			children = (
				BAFA4BF326FBF402008DBC6B /* FormatterUtils.swift */,
			);
			path = Utils;
			sourceTree = "<group>";
		};
/* End PBXGroup section */

/* Begin PBXNativeTarget section */
		BA7AB54926FB966C003F3C2E /* Crypto */ = {
			isa = PBXNativeTarget;
			buildConfigurationList = BA7AB55E26FB966F003F3C2E /* Build configuration list for PBXNativeTarget "Crypto" */;
			buildPhases = (
				D2B26A53FED7BCDA13083874 /* [CP] Check Pods Manifest.lock */,
				BA7AB54626FB966C003F3C2E /* Sources */,
				BA7AB54726FB966C003F3C2E /* Frameworks */,
				BA7AB54826FB966C003F3C2E /* Resources */,
				BC9B3645426EC66F86D6D33C /* [CP] Embed Pods Frameworks */,
			);
			buildRules = (
			);
			dependencies = (
			);
			name = Crypto;
			productName = Crypto;
			productReference = BA7AB54A26FB966C003F3C2E /* Crypto.app */;
			productType = "com.apple.product-type.application";
		};
/* End PBXNativeTarget section */

/* Begin PBXProject section */
		BA7AB54226FB966C003F3C2E /* Project object */ = {
			isa = PBXProject;
			attributes = {
				BuildIndependentTargetsInParallel = 1;
				LastSwiftUpdateCheck = 1300;
				LastUpgradeCheck = 1300;
				TargetAttributes = {
					BA7AB54926FB966C003F3C2E = {
						CreatedOnToolsVersion = 13.0;
					};
				};
			};
			buildConfigurationList = BA7AB54526FB966C003F3C2E /* Build configuration list for PBXProject "Crypto" */;
			compatibilityVersion = "Xcode 13.0";
			developmentRegion = en;
			hasScannedForEncodings = 0;
			knownRegions = (
				en,
				Base,
			);
			mainGroup = BA7AB54126FB966C003F3C2E;
			productRefGroup = BA7AB54B26FB966C003F3C2E /* Products */;
			projectDirPath = "";
			projectRoot = "";
			targets = (
				BA7AB54926FB966C003F3C2E /* Crypto */,
			);
		};
/* End PBXProject section */

/* Begin PBXResourcesBuildPhase section */
		BA7AB54826FB966C003F3C2E /* Resources */ = {
			isa = PBXResourcesBuildPhase;
			buildActionMask = 2147483647;
			files = (
				BA7AB55A26FB966F003F3C2E /* LaunchScreen.storyboard in Resources */,
				BA7AB56B26FBAB73003F3C2E /* Localizable.strings in Resources */,
				BA7AB57E26FBCA2E003F3C2E /* CoinTableViewCell.xib in Resources */,
				BA7AB55726FB966F003F3C2E /* Assets.xcassets in Resources */,
				BA7AB55526FB966C003F3C2E /* Main.storyboard in Resources */,
			);
			runOnlyForDeploymentPostprocessing = 0;
		};
/* End PBXResourcesBuildPhase section */

/* Begin PBXShellScriptBuildPhase section */
		BC9B3645426EC66F86D6D33C /* [CP] Embed Pods Frameworks */ = {
			isa = PBXShellScriptBuildPhase;
			buildActionMask = 2147483647;
			files = (
			);
			inputFileListPaths = (
				"${PODS_ROOT}/Target Support Files/Pods-Crypto/Pods-Crypto-frameworks-${CONFIGURATION}-input-files.xcfilelist",
			);
			name = "[CP] Embed Pods Frameworks";
			outputFileListPaths = (
				"${PODS_ROOT}/Target Support Files/Pods-Crypto/Pods-Crypto-frameworks-${CONFIGURATION}-output-files.xcfilelist",
			);
			runOnlyForDeploymentPostprocessing = 0;
			shellPath = /bin/sh;
			shellScript = "\"${PODS_ROOT}/Target Support Files/Pods-Crypto/Pods-Crypto-frameworks.sh\"\n";
			showEnvVarsInLog = 0;
		};
		D2B26A53FED7BCDA13083874 /* [CP] Check Pods Manifest.lock */ = {
			isa = PBXShellScriptBuildPhase;
			buildActionMask = 2147483647;
			files = (
			);
			inputFileListPaths = (
			);
			inputPaths = (
				"${PODS_PODFILE_DIR_PATH}/Podfile.lock",
				"${PODS_ROOT}/Manifest.lock",
			);
			name = "[CP] Check Pods Manifest.lock";
			outputFileListPaths = (
			);
			outputPaths = (
				"$(DERIVED_FILE_DIR)/Pods-Crypto-checkManifestLockResult.txt",
			);
			runOnlyForDeploymentPostprocessing = 0;
			shellPath = /bin/sh;
			shellScript = "diff \"${PODS_PODFILE_DIR_PATH}/Podfile.lock\" \"${PODS_ROOT}/Manifest.lock\" > /dev/null\nif [ $? != 0 ] ; then\n    # print error to STDERR\n    echo \"error: The sandbox is not in sync with the Podfile.lock. Run 'pod install' or update your CocoaPods installation.\" >&2\n    exit 1\nfi\n# This output is used by Xcode 'outputs' to avoid re-running this script phase.\necho \"SUCCESS\" > \"${SCRIPT_OUTPUT_FILE_0}\"\n";
			showEnvVarsInLog = 0;
		};
/* End PBXShellScriptBuildPhase section */

/* Begin PBXSourcesBuildPhase section */
		BA7AB54626FB966C003F3C2E /* Sources */ = {
			isa = PBXSourcesBuildPhase;
			buildActionMask = 2147483647;
			files = (
				BA7AB55226FB966C003F3C2E /* HomeViewController.swift in Sources */,
				BAFA4BF426FBF402008DBC6B /* FormatterUtils.swift in Sources */,
				BA7AB54E26FB966C003F3C2E /* AppDelegate.swift in Sources */,
				BA7AB56F26FBB165003F3C2E /* CoinRateData.swift in Sources */,
				BA7AB56926FBA8DC003F3C2E /* CoinRateService.swift in Sources */,
				BA7AB57D26FBCA2E003F3C2E /* CoinTableViewCell.swift in Sources */,
				BA7AB57326FBB79E003F3C2E /* CoinAssetData.swift in Sources */,
				BA7AB57126FBB1F5003F3C2E /* CoinRateModel.swift in Sources */,
				BA7AB57726FBB88B003F3C2E /* CoinAssetService.swift in Sources */,
				BA7AB55026FB966C003F3C2E /* SceneDelegate.swift in Sources */,
				BA7AB57526FBB7CE003F3C2E /* CoinAssetModel.swift in Sources */,
			);
			runOnlyForDeploymentPostprocessing = 0;
		};
/* End PBXSourcesBuildPhase section */

/* Begin PBXVariantGroup section */
		BA7AB55326FB966C003F3C2E /* Main.storyboard */ = {
			isa = PBXVariantGroup;
			children = (
				BA7AB55426FB966C003F3C2E /* Base */,
			);
			name = Main.storyboard;
			sourceTree = "<group>";
		};
		BA7AB55826FB966F003F3C2E /* LaunchScreen.storyboard */ = {
			isa = PBXVariantGroup;
			children = (
				BA7AB55926FB966F003F3C2E /* Base */,
			);
			name = LaunchScreen.storyboard;
			sourceTree = "<group>";
		};
/* End PBXVariantGroup section */

/* Begin XCBuildConfiguration section */
		BA7AB55C26FB966F003F3C2E /* Debug */ = {
			isa = XCBuildConfiguration;
			buildSettings = {
				ALWAYS_SEARCH_USER_PATHS = NO;
				CLANG_ANALYZER_NONNULL = YES;
				CLANG_ANALYZER_NUMBER_OBJECT_CONVERSION = YES_AGGRESSIVE;
				CLANG_CXX_LANGUAGE_STANDARD = "gnu++17";
				CLANG_CXX_LIBRARY = "libc++";
				CLANG_ENABLE_MODULES = YES;
				CLANG_ENABLE_OBJC_ARC = YES;
				CLANG_ENABLE_OBJC_WEAK = YES;
				CLANG_WARN_BLOCK_CAPTURE_AUTORELEASING = YES;
				CLANG_WARN_BOOL_CONVERSION = YES;
				CLANG_WARN_COMMA = YES;
				CLANG_WARN_CONSTANT_CONVERSION = YES;
				CLANG_WARN_DEPRECATED_OBJC_IMPLEMENTATIONS = YES;
				CLANG_WARN_DIRECT_OBJC_ISA_USAGE = YES_ERROR;
				CLANG_WARN_DOCUMENTATION_COMMENTS = YES;
				CLANG_WARN_EMPTY_BODY = YES;
				CLANG_WARN_ENUM_CONVERSION = YES;
				CLANG_WARN_INFINITE_RECURSION = YES;
				CLANG_WARN_INT_CONVERSION = YES;
				CLANG_WARN_NON_LITERAL_NULL_CONVERSION = YES;
				CLANG_WARN_OBJC_IMPLICIT_RETAIN_SELF = YES;
				CLANG_WARN_OBJC_LITERAL_CONVERSION = YES;
				CLANG_WARN_OBJC_ROOT_CLASS = YES_ERROR;
				CLANG_WARN_QUOTED_INCLUDE_IN_FRAMEWORK_HEADER = YES;
				CLANG_WARN_RANGE_LOOP_ANALYSIS = YES;
				CLANG_WARN_STRICT_PROTOTYPES = YES;
				CLANG_WARN_SUSPICIOUS_MOVE = YES;
				CLANG_WARN_UNGUARDED_AVAILABILITY = YES_AGGRESSIVE;
				CLANG_WARN_UNREACHABLE_CODE = YES;
				CLANG_WARN__DUPLICATE_METHOD_MATCH = YES;
				COPY_PHASE_STRIP = NO;
				DEBUG_INFORMATION_FORMAT = dwarf;
				ENABLE_STRICT_OBJC_MSGSEND = YES;
				ENABLE_TESTABILITY = YES;
				GCC_C_LANGUAGE_STANDARD = gnu11;
				GCC_DYNAMIC_NO_PIC = NO;
				GCC_NO_COMMON_BLOCKS = YES;
				GCC_OPTIMIZATION_LEVEL = 0;
				GCC_PREPROCESSOR_DEFINITIONS = (
					"DEBUG=1",
					"$(inherited)",
				);
				GCC_WARN_64_TO_32_BIT_CONVERSION = YES;
				GCC_WARN_ABOUT_RETURN_TYPE = YES_ERROR;
				GCC_WARN_UNDECLARED_SELECTOR = YES;
				GCC_WARN_UNINITIALIZED_AUTOS = YES_AGGRESSIVE;
				GCC_WARN_UNUSED_FUNCTION = YES;
				GCC_WARN_UNUSED_VARIABLE = YES;
				IPHONEOS_DEPLOYMENT_TARGET = 15.0;
				MTL_ENABLE_DEBUG_INFO = INCLUDE_SOURCE;
				MTL_FAST_MATH = YES;
				ONLY_ACTIVE_ARCH = YES;
				SDKROOT = iphoneos;
				SWIFT_ACTIVE_COMPILATION_CONDITIONS = DEBUG;
				SWIFT_OPTIMIZATION_LEVEL = "-Onone";
			};
			name = Debug;
		};
		BA7AB55D26FB966F003F3C2E /* Release */ = {
			isa = XCBuildConfiguration;
			buildSettings = {
				ALWAYS_SEARCH_USER_PATHS = NO;
				CLANG_ANALYZER_NONNULL = YES;
				CLANG_ANALYZER_NUMBER_OBJECT_CONVERSION = YES_AGGRESSIVE;
				CLANG_CXX_LANGUAGE_STANDARD = "gnu++17";
				CLANG_CXX_LIBRARY = "libc++";
				CLANG_ENABLE_MODULES = YES;
				CLANG_ENABLE_OBJC_ARC = YES;
				CLANG_ENABLE_OBJC_WEAK = YES;
				CLANG_WARN_BLOCK_CAPTURE_AUTORELEASING = YES;
				CLANG_WARN_BOOL_CONVERSION = YES;
				CLANG_WARN_COMMA = YES;
				CLANG_WARN_CONSTANT_CONVERSION = YES;
				CLANG_WARN_DEPRECATED_OBJC_IMPLEMENTATIONS = YES;
				CLANG_WARN_DIRECT_OBJC_ISA_USAGE = YES_ERROR;
				CLANG_WARN_DOCUMENTATION_COMMENTS = YES;
				CLANG_WARN_EMPTY_BODY = YES;
				CLANG_WARN_ENUM_CONVERSION = YES;
				CLANG_WARN_INFINITE_RECURSION = YES;
				CLANG_WARN_INT_CONVERSION = YES;
				CLANG_WARN_NON_LITERAL_NULL_CONVERSION = YES;
				CLANG_WARN_OBJC_IMPLICIT_RETAIN_SELF = YES;
				CLANG_WARN_OBJC_LITERAL_CONVERSION = YES;
				CLANG_WARN_OBJC_ROOT_CLASS = YES_ERROR;
				CLANG_WARN_QUOTED_INCLUDE_IN_FRAMEWORK_HEADER = YES;
				CLANG_WARN_RANGE_LOOP_ANALYSIS = YES;
				CLANG_WARN_STRICT_PROTOTYPES = YES;
				CLANG_WARN_SUSPICIOUS_MOVE = YES;
				CLANG_WARN_UNGUARDED_AVAILABILITY = YES_AGGRESSIVE;
				CLANG_WARN_UNREACHABLE_CODE = YES;
				CLANG_WARN__DUPLICATE_METHOD_MATCH = YES;
				COPY_PHASE_STRIP = NO;
				DEBUG_INFORMATION_FORMAT = "dwarf-with-dsym";
				ENABLE_NS_ASSERTIONS = NO;
				ENABLE_STRICT_OBJC_MSGSEND = YES;
				GCC_C_LANGUAGE_STANDARD = gnu11;
				GCC_NO_COMMON_BLOCKS = YES;
				GCC_WARN_64_TO_32_BIT_CONVERSION = YES;
				GCC_WARN_ABOUT_RETURN_TYPE = YES_ERROR;
				GCC_WARN_UNDECLARED_SELECTOR = YES;
				GCC_WARN_UNINITIALIZED_AUTOS = YES_AGGRESSIVE;
				GCC_WARN_UNUSED_FUNCTION = YES;
				GCC_WARN_UNUSED_VARIABLE = YES;
				IPHONEOS_DEPLOYMENT_TARGET = 15.0;
				MTL_ENABLE_DEBUG_INFO = NO;
				MTL_FAST_MATH = YES;
				SDKROOT = iphoneos;
				SWIFT_COMPILATION_MODE = wholemodule;
				SWIFT_OPTIMIZATION_LEVEL = "-O";
				VALIDATE_PRODUCT = YES;
			};
			name = Release;
		};
		BA7AB55F26FB966F003F3C2E /* Debug */ = {
			isa = XCBuildConfiguration;
			baseConfigurationReference = 1D62FA2390C50A100011E43A /* Pods-Crypto.debug.xcconfig */;
			buildSettings = {
				ASSETCATALOG_COMPILER_APPICON_NAME = AppIcon;
				ASSETCATALOG_COMPILER_GLOBAL_ACCENT_COLOR_NAME = AccentColor;
				CODE_SIGN_STYLE = Automatic;
				CURRENT_PROJECT_VERSION = 1;
				GENERATE_INFOPLIST_FILE = YES;
				INFOPLIST_FILE = "Crypto/Supporting Files/Info.plist";
				INFOPLIST_KEY_UIApplicationSupportsIndirectInputEvents = YES;
				INFOPLIST_KEY_UILaunchStoryboardName = LaunchScreen;
				INFOPLIST_KEY_UIMainStoryboardFile = Main;
				INFOPLIST_KEY_UISupportedInterfaceOrientations_iPad = "UIInterfaceOrientationPortrait UIInterfaceOrientationPortraitUpsideDown UIInterfaceOrientationLandscapeLeft UIInterfaceOrientationLandscapeRight";
				INFOPLIST_KEY_UISupportedInterfaceOrientations_iPhone = "UIInterfaceOrientationPortrait UIInterfaceOrientationLandscapeLeft UIInterfaceOrientationLandscapeRight";
				LD_RUNPATH_SEARCH_PATHS = (
					"$(inherited)",
					"@executable_path/Frameworks",
				);
				MARKETING_VERSION = 1.0;
				PRODUCT_BUNDLE_IDENTIFIER = br.com.example.Crypto;
				PRODUCT_NAME = "$(TARGET_NAME)";
				SWIFT_EMIT_LOC_STRINGS = YES;
				SWIFT_VERSION = 5.0;
				TARGETED_DEVICE_FAMILY = "1,2";
			};
			name = Debug;
		};
		BA7AB56026FB966F003F3C2E /* Release */ = {
			isa = XCBuildConfiguration;
			baseConfigurationReference = FF5072529B22A5848D156FCD /* Pods-Crypto.release.xcconfig */;
			buildSettings = {
				ASSETCATALOG_COMPILER_APPICON_NAME = AppIcon;
				ASSETCATALOG_COMPILER_GLOBAL_ACCENT_COLOR_NAME = AccentColor;
				CODE_SIGN_STYLE = Automatic;
				CURRENT_PROJECT_VERSION = 1;
				GENERATE_INFOPLIST_FILE = YES;
				INFOPLIST_FILE = "Crypto/Supporting Files/Info.plist";
				INFOPLIST_KEY_UIApplicationSupportsIndirectInputEvents = YES;
				INFOPLIST_KEY_UILaunchStoryboardName = LaunchScreen;
				INFOPLIST_KEY_UIMainStoryboardFile = Main;
				INFOPLIST_KEY_UISupportedInterfaceOrientations_iPad = "UIInterfaceOrientationPortrait UIInterfaceOrientationPortraitUpsideDown UIInterfaceOrientationLandscapeLeft UIInterfaceOrientationLandscapeRight";
				INFOPLIST_KEY_UISupportedInterfaceOrientations_iPhone = "UIInterfaceOrientationPortrait UIInterfaceOrientationLandscapeLeft UIInterfaceOrientationLandscapeRight";
				LD_RUNPATH_SEARCH_PATHS = (
					"$(inherited)",
					"@executable_path/Frameworks",
				);
				MARKETING_VERSION = 1.0;
				PRODUCT_BUNDLE_IDENTIFIER = br.com.example.Crypto;
				PRODUCT_NAME = "$(TARGET_NAME)";
				SWIFT_EMIT_LOC_STRINGS = YES;
				SWIFT_VERSION = 5.0;
				TARGETED_DEVICE_FAMILY = "1,2";
			};
			name = Release;
		};
/* End XCBuildConfiguration section */

/* Begin XCConfigurationList section */
		BA7AB54526FB966C003F3C2E /* Build configuration list for PBXProject "Crypto" */ = {
			isa = XCConfigurationList;
			buildConfigurations = (
				BA7AB55C26FB966F003F3C2E /* Debug */,
				BA7AB55D26FB966F003F3C2E /* Release */,
			);
			defaultConfigurationIsVisible = 0;
			defaultConfigurationName = Release;
		};
		BA7AB55E26FB966F003F3C2E /* Build configuration list for PBXNativeTarget "Crypto" */ = {
			isa = XCConfigurationList;
			buildConfigurations = (
				BA7AB55F26FB966F003F3C2E /* Debug */,
				BA7AB56026FB966F003F3C2E /* Release */,
			);
			defaultConfigurationIsVisible = 0;
			defaultConfigurationName = Release;
		};
/* End XCConfigurationList section */
	};
	rootObject = BA7AB54226FB966C003F3C2E /* Project object */;
}
